
Microsoft Visual Studio Solution File, Format Version 12.00
# Visual Studio Version 17
VisualStudioVersion = 17.13.35806.99 d17.13
MinimumVisualStudioVersion = 10.0.40219.1
Project("{FAE04EC0-301F-11D3-BF4B-00C04F79EFBC}") = "Huella", "Huella.csproj", "{895EA64B-09AB-4F40-9E0C-705079A66DBF}"
EndProject
Global
	GlobalSection(SolutionConfigurationPlatforms) = preSolution
		Debug|Any CPU = Debug|Any CPU
		Release|Any CPU = Release|Any CPU
	EndGlobalSection
	GlobalSection(ProjectConfigurationPlatforms) = postSolution
		{895EA64B-09AB-4F40-9E0C-705079A66DBF}.Debug|Any CPU.ActiveCfg = Debug|Any CPU
		{895EA64B-09AB-4F40-9E0C-705079A66DBF}.Debug|Any CPU.Build.0 = Debug|Any CPU
		{895EA64B-09AB-4F40-9E0C-705079A66DBF}.Release|Any CPU.ActiveCfg = Release|Any CPU
		{895EA64B-09AB-4F40-9E0C-705079A66DBF}.Release|Any CPU.Build.0 = Release|Any CPU
	EndGlobalSection
	GlobalSection(SolutionProperties) = preSolution
		HideSolutionNode = FALSE
	EndGlobalSection
	GlobalSection(ExtensibilityGlobals) = postSolution
		SolutionGuid = {F9EE9625-E7E3-4F98-B869-787C38AB7EC6}
	EndGlobalSection
EndGlobal
